lockfileVersion: '9.0'

settings:
  autoInstallPeers: true
  excludeLinksFromLockfile: false

importers:

  .:
    dependencies:
      pnpm:
        specifier: ^10.29.2
        version: 10.29.2
    devDependencies:
      '@biomejs/biome':
        specifier: ^2.3.14
        version: 2.3.14
      turbo:
        specifier: ^2.8.3
        version: 2.8.3
      typescript:
        specifier: 5.9.2
        version: 5.9.2

  apps/admin:
    dependencies:
      '@hotspot/shared':
        specifier: workspace:*
        version: link:../../packages/shared
      '@reduxjs/toolkit':
        specifier: ^2.11.2
        version: 2.11.2(react-redux@9.2.0(@types/react@19.2.2)(react@19.2.0)(redux@5.0.1))(react@19.2.0)
      next:
        specifier: 16.1.5
        version: 16.1.5(react-dom@19.2.0(react@19.2.0))(react@19.2.0)(sass@1.97.3)
      react:
        specifier: ^19.2.0
        version: 19.2.0
      react-dom:
        specifier: ^19.2.0
        version: 19.2.0(react@19.2.0)
      react-redux:
        specifier: ^9.2.0
        version: 9.2.0(@types/react@19.2.2)(react@19.2.0)(redux@5.0.1)
    devDependencies:
      '@hotspot/typescript-config':
        specifier: workspace:*
        version: link:../../packages/typescript-config
      '@types/node':
        specifier: ^22.15.3
        version: 22.15.3
      '@types/react':
        specifier: 19.2.2
        version: 19.2.2
      '@types/react-dom':
        specifier: 19.2.2
        version: 19.2.2(@types/react@19.2.2)
      sass:
        specifier: ^1.97.3
        version: 1.97.3
      typescript:
        specifier: 5.9.2
        version: 5.9.2

  apps/web:
    dependencies:
      '@hotspot/shared':
        specifier: workspace:*
        version: link:../../packages/shared
      '@reduxjs/toolkit':
        specifier: ^2.11.2
        version: 2.11.2(react-redux@9.2.0(@types/react@19.2.2)(react@19.2.0)(redux@5.0.1))(react@19.2.0)
      next:
        specifier: 16.1.5
        version: 16.1.5(react-dom@19.2.0(react@19.2.0))(react@19.2.0)(sass@1.97.3)
      react:
        specifier: ^19.2.0
        version: 19.2.0
      react-dom:
        specifier: ^19.2.0
        version: 19.2.0(react@19.2.0)
      react-redux:
        specifier: ^9.2.0
        version: 9.2.0(@types/react@19.2.2)(react@19.2.0)(redux@5.0.1)
    devDependencies:
      '@hotspot/typescript-config':
        specifier: workspace:*
        version: link:../../packages/typescript-config
      '@types/node':
        specifier: ^22.15.3
        version: 22.15.3
      '@types/react':
        specifier: 19.2.2
        version: 19.2.2
      '@types/react-dom':
        specifier: 19.2.2
        version: 19.2.2(@types/react@19.2.2)
      sass:
        specifier: ^1.97.3
        version: 1.97.3
      typescript:
        specifier: 5.9.2
        version: 5.9.2

  packages/shared:
    dependencies:
      '@reduxjs/toolkit':
        specifier: ^2.11.2
        version: 2.11.2(react-redux@9.2.0(@types/react@19.2.2)(react@19.2.0)(redux@5.0.1))(react@19.2.0)
      react:
        specifier: ^19.2.0
        version: 19.2.0
      react-dom:
        specifier: ^19.2.0
        version: 19.2.0(react@19.2.0)
      react-redux:
        specifier: ^9.2.0
        version: 9.2.0(@types/react@19.2.2)(react@19.2.0)(redux@5.0.1)
    devDependencies:
      '@hotspot/typescript-config':
        specifier: workspace:*
        version: link:../typescript-config
      '@types/node':
        specifier: ^22.15.3
        version: 22.15.3
      '@types/react':
        specifier: 19.2.2
        version: 19.2.2
      '@types/react-dom':
        specifier: 19.2.2
        version: 19.2.2(@types/react@19.2.2)
      sass:
        specifier: ^1.97.3
        version: 1.97.3
      typescript:
        specifier: 5.9.2
        version: 5.9.2

  packages/typescript-config:
    dependencies:
      '@reduxjs/toolkit':
        specifier: ^2.11.2
        version: 2.11.2(react-redux@9.2.0(@types/react@19.2.2)(react@19.2.0)(redux@5.0.1))(react@19.2.0)
      react-redux:
        specifier: ^9.2.0
        version: 9.2.0(@types/react@19.2.2)(react@19.2.0)(redux@5.0.1)
    devDependencies:
      sass:
        specifier: ^1.97.3
        version: 1.97.3

packages:

  '@biomejs/biome@2.3.14':
    resolution: {integrity: sha512-QMT6QviX0WqXJCaiqVMiBUCr5WRQ1iFSjvOLoTk6auKukJMvnMzWucXpwZB0e8F00/1/BsS9DzcKgWH+CLqVuA==}
    engines: {node: '>=14.21.3'}
    hasBin: true

  '@biomejs/cli-darwin-arm64@2.3.14':
    resolution: {integrity: sha512-UJGPpvWJMkLxSRtpCAKfKh41Q4JJXisvxZL8ChN1eNW3m/WlPFJ6EFDCE7YfUb4XS8ZFi3C1dFpxUJ0Ety5n+A==}
    engines: {node: '>=14.21.3'}
    cpu: [arm64]
    os: [darwin]

  '@biomejs/cli-darwin-x64@2.3.14':
    resolution: {integrity: sha512-PNkLNQG6RLo8lG7QoWe/hhnMxJIt1tEimoXpGQjwS/dkdNiKBLPv4RpeQl8o3s1OKI3ZOR5XPiYtmbGGHAOnLA==}
    engines: {node: '>=14.21.3'}
    cpu: [x64]
    os: [darwin]

  '@biomejs/cli-linux-arm64-musl@2.3.14':
    resolution: {integrity: sha512-LInRbXhYujtL3sH2TMCH/UBwJZsoGwfQjBrMfl84CD4hL/41C/EU5mldqf1yoFpsI0iPWuU83U+nB2TUUypWeg==}
    engines: {node: '>=14.21.3'}
    cpu: [arm64]
    os: [linux]

  '@biomejs/cli-linux-arm64@2.3.14':
    resolution: {integrity: sha512-KT67FKfzIw6DNnUNdYlBg+eU24Go3n75GWK6NwU4+yJmDYFe9i/MjiI+U/iEzKvo0g7G7MZqoyrhIYuND2w8QQ==}
    engines: {node: '>=14.21.3'}
    cpu: [arm64]
    os: [linux]

  '@biomejs/cli-linux-x64-musl@2.3.14':
    resolution: {integrity: sha512-KQU7EkbBBuHPW3/rAcoiVmhlPtDSGOGRPv9js7qJVpYTzjQmVR+C9Rfcz+ti8YCH+zT1J52tuBybtP4IodjxZQ==}
    engines: {node: '>=14.21.3'}
    cpu: [x64]
    os: [linux]

  '@biomejs/cli-linux-x64@2.3.14':
    resolution: {integrity: sha512-ZsZzQsl9U+wxFrGGS4f6UxREUlgHwmEfu1IrXlgNFrNnd5Th6lIJr8KmSzu/+meSa9f4rzFrbEW9LBBA6ScoMA==}
    engines: {node: '>=14.21.3'}
    cpu: [x64]
    os: [linux]

  '@biomejs/cli-win32-arm64@2.3.14':
    resolution: {integrity: sha512-+IKYkj/pUBbnRf1G1+RlyA3LWiDgra1xpS7H2g4BuOzzRbRB+hmlw0yFsLprHhbbt7jUzbzAbAjK/Pn0FDnh1A==}
    engines: {node: '>=14.21.3'}
    cpu: [arm64]
    os: [win32]

  '@biomejs/cli-win32-x64@2.3.14':
    resolution: {integrity: sha512-oizCjdyQ3WJEswpb3Chdngeat56rIdSYK12JI3iI11Mt5T5EXcZ7WLuowzEaFPNJ3zmOQFliMN8QY1Pi+qsfdQ==}
    engines: {node: '>=14.21.3'}
    cpu: [x64]
    os: [win32]

  '@emnapi/runtime@1.7.1':
    resolution: {integrity: sha512-PVtJr5CmLwYAU9PZDMITZoR5iAOShYREoR45EyyLrbntV50mdePTgUn4AmOw90Ifcj+x2kRjdzr1HP3RrNiHGA==}

  '@img/colour@1.0.0':
    resolution: {integrity: sha512-A5P/LfWGFSl6nsckYtjw9da+19jB8hkJ6ACTGcDfEJ0aE+l2n2El7dsVM7UVHZQ9s2lmYMWlrS21YLy2IR1LUw==}
    engines: {node: '>=18'}

  '@img/sharp-darwin-arm64@0.34.5':
    resolution: {integrity: sha512-imtQ3WMJXbMY4fxb/Ndp6HBTNVtWCUI0WdobyheGf5+ad6xX8VIDO8u2xE4qc/fr08CKG/7dDseFtn6M6g/r3w==}
    engines: {node: ^18.17.0 || ^20.3.0 || >=21.0.0}
    cpu: [arm64]
    os: [darwin]

  '@img/sharp-darwin-x64@0.34.5':
    resolution: {integrity: sha512-YNEFAF/4KQ/PeW0N+r+aVVsoIY0/qxxikF2SWdp+NRkmMB7y9LBZAVqQ4yhGCm/H3H270OSykqmQMKLBhBJDEw==}
    engines: {node: ^18.17.0 || ^20.3.0 || >=21.0.0}
    cpu: [x64]
    os: [darwin]

  '@img/sharp-libvips-darwin-arm64@1.2.4':
    resolution: {integrity: sha512-zqjjo7RatFfFoP0MkQ51jfuFZBnVE2pRiaydKJ1G/rHZvnsrHAOcQALIi9sA5co5xenQdTugCvtb1cuf78Vf4g==}
    cpu: [arm64]
    os: [darwin]

  '@img/sharp-libvips-darwin-x64@1.2.4':
    resolution: {integrity: sha512-1IOd5xfVhlGwX+zXv2N93k0yMONvUlANylbJw1eTah8K/Jtpi15KC+WSiaX/nBmbm2HxRM1gZ0nSdjSsrZbGKg==}
    cpu: [x64]
    os: [darwin]

  '@img/sharp-libvips-linux-arm64@1.2.4':
    resolution: {integrity: sha512-excjX8DfsIcJ10x1Kzr4RcWe1edC9PquDRRPx3YVCvQv+U5p7Yin2s32ftzikXojb1PIFc/9Mt28/y+iRklkrw==}
    cpu: [arm64]
    os: [linux]

  '@img/sharp-libvips-linux-arm@1.2.4':
    resolution: {integrity: sha512-bFI7xcKFELdiNCVov8e44Ia4u2byA+l3XtsAj+Q8tfCwO6BQ8iDojYdvoPMqsKDkuoOo+X6HZA0s0q11ANMQ8A==}
    cpu: [arm]
    os: [linux]

  '@img/sharp-libvips-linux-ppc64@1.2.4':
    resolution: {integrity: sha512-FMuvGijLDYG6lW+b/UvyilUWu5Ayu+3r2d1S8notiGCIyYU/76eig1UfMmkZ7vwgOrzKzlQbFSuQfgm7GYUPpA==}
    cpu: [ppc64]
    os: [linux]

  '@img/sharp-libvips-linux-riscv64@1.2.4':
    resolution: {integrity: sha512-oVDbcR4zUC0ce82teubSm+x6ETixtKZBh/qbREIOcI3cULzDyb18Sr/Wcyx7NRQeQzOiHTNbZFF1UwPS2scyGA==}
    cpu: [riscv64]
    os: [linux]

  '@img/sharp-libvips-linux-s390x@1.2.4':
    resolution: {integrity: sha512-qmp9VrzgPgMoGZyPvrQHqk02uyjA0/QrTO26Tqk6l4ZV0MPWIW6LTkqOIov+J1yEu7MbFQaDpwdwJKhbJvuRxQ==}
    cpu: [s390x]
    os: [linux]

  '@img/sharp-libvips-linux-x64@1.2.4':
    resolution: {integrity: sha512-tJxiiLsmHc9Ax1bz3oaOYBURTXGIRDODBqhveVHonrHJ9/+k89qbLl0bcJns+e4t4rvaNBxaEZsFtSfAdquPrw==}
    cpu: [x64]
    os: [linux]

  '@img/sharp-libvips-linuxmusl-arm64@1.2.4':
    resolution: {integrity: sha512-FVQHuwx1IIuNow9QAbYUzJ+En8KcVm9Lk5+uGUQJHaZmMECZmOlix9HnH7n1TRkXMS0pGxIJokIVB9SuqZGGXw==}
    cpu: [arm64]
    os: [linux]

  '@img/sharp-libvips-linuxmusl-x64@1.2.4':
    resolution: {integrity: sha512-+LpyBk7L44ZIXwz/VYfglaX/okxezESc6UxDSoyo2Ks6Jxc4Y7sGjpgU9s4PMgqgjj1gZCylTieNamqA1MF7Dg==}
    cpu: [x64]
    os: [linux]

  '@img/sharp-linux-arm64@0.34.5':
    resolution: {integrity: sha512-bKQzaJRY/bkPOXyKx5EVup7qkaojECG6NLYswgktOZjaXecSAeCWiZwwiFf3/Y+O1HrauiE3FVsGxFg8c24rZg==}
    engines: {node: ^18.17.0 || ^20.3.0 || >=21.0.0}
    cpu: [arm64]
    os: [linux]

  '@img/sharp-linux-arm@0.34.5':
    resolution: {integrity: sha512-9dLqsvwtg1uuXBGZKsxem9595+ujv0sJ6Vi8wcTANSFpwV/GONat5eCkzQo/1O6zRIkh0m/8+5BjrRr7jDUSZw==}
    engines: {node: ^18.17.0 || ^20.3.0 || >=21.0.0}
    cpu: [arm]
    os: [linux]

  '@img/sharp-linux-ppc64@0.34.5':
    resolution: {integrity: sha512-7zznwNaqW6YtsfrGGDA6BRkISKAAE1Jo0QdpNYXNMHu2+0dTrPflTLNkpc8l7MUP5M16ZJcUvysVWWrMefZquA==}
    engines: {node: ^18.17.0 || ^20.3.0 || >=21.0.0}
    cpu: [ppc64]
    os: [linux]

  '@img/sharp-linux-riscv64@0.34.5':
    resolution: {integrity: sha512-51gJuLPTKa7piYPaVs8GmByo7/U7/7TZOq+cnXJIHZKavIRHAP77e3N2HEl3dgiqdD/w0yUfiJnII77PuDDFdw==}
    engines: {node: ^18.17.0 || ^20.3.0 || >=21.0.0}
    cpu: [riscv64]
    os: [linux]

  '@img/sharp-linux-s390x@0.34.5':
    resolution: {integrity: sha512-nQtCk0PdKfho3eC5MrbQoigJ2gd1CgddUMkabUj+rBevs8tZ2cULOx46E7oyX+04WGfABgIwmMC0VqieTiR4jg==}
    engines: {node: ^18.17.0 || ^20.3.0 || >=21.0.0}
    cpu: [s390x]
    os: [linux]

  '@img/sharp-linux-x64@0.34.5':
    resolution: {integrity: sha512-MEzd8HPKxVxVenwAa+JRPwEC7QFjoPWuS5NZnBt6B3pu7EG2Ge0id1oLHZpPJdn3OQK+BQDiw9zStiHBTJQQQQ==}
    engines: {node: ^18.17.0 || ^20.3.0 || >=21.0.0}
    cpu: [x64]
    os: [linux]

  '@img/sharp-linuxmusl-arm64@0.34.5':
    resolution: {integrity: sha512-fprJR6GtRsMt6Kyfq44IsChVZeGN97gTD331weR1ex1c1rypDEABN6Tm2xa1wE6lYb5DdEnk03NZPqA7Id21yg==}
    engines: {node: ^18.17.0 || ^20.3.0 || >=21.0.0}
    cpu: [arm64]
    os: [linux]

  '@img/sharp-linuxmusl-x64@0.34.5':
    resolution: {integrity: sha512-Jg8wNT1MUzIvhBFxViqrEhWDGzqymo3sV7z7ZsaWbZNDLXRJZoRGrjulp60YYtV4wfY8VIKcWidjojlLcWrd8Q==}
    engines: {node: ^18.17.0 || ^20.3.0 || >=21.0.0}
    cpu: [x64]
    os: [linux]

  '@img/sharp-wasm32@0.34.5':
    resolution: {integrity: sha512-OdWTEiVkY2PHwqkbBI8frFxQQFekHaSSkUIJkwzclWZe64O1X4UlUjqqqLaPbUpMOQk6FBu/HtlGXNblIs0huw==}
    engines: {node: ^18.17.0 || ^20.3.0 || >=21.0.0}
    cpu: [wasm32]

  '@img/sharp-win32-arm64@0.34.5':
    resolution: {integrity: sha512-WQ3AgWCWYSb2yt+IG8mnC6Jdk9Whs7O0gxphblsLvdhSpSTtmu69ZG1Gkb6NuvxsNACwiPV6cNSZNzt0KPsw7g==}
    engines: {node: ^18.17.0 || ^20.3.0 || >=21.0.0}
    cpu: [arm64]
    os: [win32]

  '@img/sharp-win32-ia32@0.34.5':
    resolution: {integrity: sha512-FV9m/7NmeCmSHDD5j4+4pNI8Cp3aW+JvLoXcTUo0IqyjSfAZJ8dIUmijx1qaJsIiU+Hosw6xM5KijAWRJCSgNg==}
    engines: {node: ^18.17.0 || ^20.3.0 || >=21.0.0}
    cpu: [ia32]
    os: [win32]

  '@img/sharp-win32-x64@0.34.5':
    resolution: {integrity: sha512-+29YMsqY2/9eFEiW93eqWnuLcWcufowXewwSNIT6UwZdUUCrM3oFjMWH/Z6/TMmb4hlFenmfAVbpWeup2jryCw==}
    engines: {node: ^18.17.0 || ^20.3.0 || >=21.0.0}
    cpu: [x64]
    os: [win32]

  '@next/env@16.1.5':
    resolution: {integrity: sha512-CRSCPJiSZoi4Pn69RYBDI9R7YK2g59vLexPQFXY0eyw+ILevIenCywzg+DqmlBik9zszEnw2HLFOUlLAcJbL7g==}

  '@next/swc-darwin-arm64@16.1.5':
    resolution: {integrity: sha512-eK7Wdm3Hjy/SCL7TevlH0C9chrpeOYWx2iR7guJDaz4zEQKWcS1IMVfMb9UKBFMg1XgzcPTYPIp1Vcpukkjg6Q==}
    engines: {node: '>= 10'}
    cpu: [arm64]
    os: [darwin]

  '@next/swc-darwin-x64@16.1.5':
    resolution: {integrity: sha512-foQscSHD1dCuxBmGkbIr6ScAUF6pRoDZP6czajyvmXPAOFNnQUJu2Os1SGELODjKp/ULa4fulnBWoHV3XdPLfA==}
    engines: {node: '>= 10'}
    cpu: [x64]
    os: [darwin]

  '@next/swc-linux-arm64-gnu@16.1.5':
    resolution: {integrity: sha512-qNIb42o3C02ccIeSeKjacF3HXotGsxh/FMk/rSRmCzOVMtoWH88odn2uZqF8RLsSUWHcAqTgYmPD3pZ03L9ZAA==}
    engines: {node: '>= 10'}
    cpu: [arm64]
    os: [linux]

  '@next/swc-linux-arm64-musl@16.1.5':
    resolution: {integrity: sha512-U+kBxGUY1xMAzDTXmuVMfhaWUZQAwzRaHJ/I6ihtR5SbTVUEaDRiEU9YMjy1obBWpdOBuk1bcm+tsmifYSygfw==}
    engines: {node: '>= 10'}
    cpu: [arm64]
    os: [linux]

  '@next/swc-linux-x64-gnu@16.1.5':
    resolution: {integrity: sha512-gq2UtoCpN7Ke/7tKaU7i/1L7eFLfhMbXjNghSv0MVGF1dmuoaPeEVDvkDuO/9LVa44h5gqpWeJ4mRRznjDv7LA==}
    engines: {node: '>= 10'}
    cpu: [x64]
    os: [linux]

  '@next/swc-linux-x64-musl@16.1.5':
    resolution: {integrity: sha512-bQWSE729PbXT6mMklWLf8dotislPle2L70E9q6iwETYEOt092GDn0c+TTNj26AjmeceSsC4ndyGsK5nKqHYXjQ==}
    engines: {node: '>= 10'}
    cpu: [x64]
    os: [linux]

  '@next/swc-win32-arm64-msvc@16.1.5':
    resolution: {integrity: sha512-LZli0anutkIllMtTAWZlDqdfvjWX/ch8AFK5WgkNTvaqwlouiD1oHM+WW8RXMiL0+vAkAJyAGEzPPjO+hnrSNQ==}
    engines: {node: '>= 10'}
    cpu: [arm64]
    os: [win32]

  '@next/swc-win32-x64-msvc@16.1.5':
    resolution: {integrity: sha512-7is37HJTNQGhjPpQbkKjKEboHYQnCgpVt/4rBrrln0D9nderNxZ8ZWs8w1fAtzUx7wEyYjQ+/13myFgFj6K2Ng==}
    engines: {node: '>= 10'}
    cpu: [x64]
    os: [win32]

  '@parcel/watcher-android-arm64@2.5.6':
    resolution: {integrity: sha512-YQxSS34tPF/6ZG7r/Ih9xy+kP/WwediEUsqmtf0cuCV5TPPKw/PQHRhueUo6JdeFJaqV3pyjm0GdYjZotbRt/A==}
    engines: {node: '>= 10.0.0'}
    cpu: [arm64]
    os: [android]

  '@parcel/watcher-darwin-arm64@2.5.6':
    resolution: {integrity: sha512-Z2ZdrnwyXvvvdtRHLmM4knydIdU9adO3D4n/0cVipF3rRiwP+3/sfzpAwA/qKFL6i1ModaabkU7IbpeMBgiVEA==}
    engines: {node: '>= 10.0.0'}
    cpu: [arm64]
    os: [darwin]

  '@parcel/watcher-darwin-x64@2.5.6':
    resolution: {integrity: sha512-HgvOf3W9dhithcwOWX9uDZyn1lW9R+7tPZ4sug+NGrGIo4Rk1hAXLEbcH1TQSqxts0NYXXlOWqVpvS1SFS4fRg==}
    engines: {node: '>= 10.0.0'}
    cpu: [x64]
    os: [darwin]

  '@parcel/watcher-freebsd-x64@2.5.6':
    resolution: {integrity: sha512-vJVi8yd/qzJxEKHkeemh7w3YAn6RJCtYlE4HPMoVnCpIXEzSrxErBW5SJBgKLbXU3WdIpkjBTeUNtyBVn8TRng==}
    engines: {node: '>= 10.0.0'}
    cpu: [x64]
    os: [freebsd]

  '@parcel/watcher-linux-arm-glibc@2.5.6':
    resolution: {integrity: sha512-9JiYfB6h6BgV50CCfasfLf/uvOcJskMSwcdH1PHH9rvS1IrNy8zad6IUVPVUfmXr+u+Km9IxcfMLzgdOudz9EQ==}
    engines: {node: '>= 10.0.0'}
    cpu: [arm]
    os: [linux]

  '@parcel/watcher-linux-arm-musl@2.5.6':
    resolution: {integrity: sha512-Ve3gUCG57nuUUSyjBq/MAM0CzArtuIOxsBdQ+ftz6ho8n7s1i9E1Nmk/xmP323r2YL0SONs1EuwqBp2u1k5fxg==}
    engines: {node: '>= 10.0.0'}
    cpu: [arm]
    os: [linux]

  '@parcel/watcher-linux-arm64-glibc@2.5.6':
    resolution: {integrity: sha512-f2g/DT3NhGPdBmMWYoxixqYr3v/UXcmLOYy16Bx0TM20Tchduwr4EaCbmxh1321TABqPGDpS8D/ggOTaljijOA==}
    engines: {node: '>= 10.0.0'}
    cpu: [arm64]
    os: [linux]

  '@parcel/watcher-linux-arm64-musl@2.5.6':
    resolution: {integrity: sha512-qb6naMDGlbCwdhLj6hgoVKJl2odL34z2sqkC7Z6kzir8b5W65WYDpLB6R06KabvZdgoHI/zxke4b3zR0wAbDTA==}
    engines: {node: '>= 10.0.0'}
    cpu: [arm64]
    os: [linux]

  '@parcel/watcher-linux-x64-glibc@2.5.6':
    resolution: {integrity: sha512-kbT5wvNQlx7NaGjzPFu8nVIW1rWqV780O7ZtkjuWaPUgpv2NMFpjYERVi0UYj1msZNyCzGlaCWEtzc+exjMGbQ==}
    engines: {node: '>= 10.0.0'}
    cpu: [x64]
    os: [linux]

  '@parcel/watcher-linux-x64-musl@2.5.6':
    resolution: {integrity: sha512-1JRFeC+h7RdXwldHzTsmdtYR/Ku8SylLgTU/reMuqdVD7CtLwf0VR1FqeprZ0eHQkO0vqsbvFLXUmYm/uNKJBg==}
    engines: {node: '>= 10.0.0'}
    cpu: [x64]
    os: [linux]

  '@parcel/watcher-win32-arm64@2.5.6':
    resolution: {integrity: sha512-3ukyebjc6eGlw9yRt678DxVF7rjXatWiHvTXqphZLvo7aC5NdEgFufVwjFfY51ijYEWpXbqF5jtrK275z52D4Q==}
    engines: {node: '>= 10.0.0'}
    cpu: [arm64]
    os: [win32]

  '@parcel/watcher-win32-ia32@2.5.6':
    resolution: {integrity: sha512-k35yLp1ZMwwee3Ez/pxBi5cf4AoBKYXj00CZ80jUz5h8prpiaQsiRPKQMxoLstNuqe2vR4RNPEAEcjEFzhEz/g==}
    engines: {node: '>= 10.0.0'}
    cpu: [ia32]
    os: [win32]

  '@parcel/watcher-win32-x64@2.5.6':
    resolution: {integrity: sha512-hbQlYcCq5dlAX9Qx+kFb0FHue6vbjlf0FrNzSKdYK2APUf7tGfGxQCk2ihEREmbR6ZMc0MVAD5RIX/41gpUzTw==}
    engines: {node: '>= 10.0.0'}
    cpu: [x64]
    os: [win32]

  '@parcel/watcher@2.5.6':
    resolution: {integrity: sha512-tmmZ3lQxAe/k/+rNnXQRawJ4NjxO2hqiOLTHvWchtGZULp4RyFeh6aU4XdOYBFe2KE1oShQTv4AblOs2iOrNnQ==}
    engines: {node: '>= 10.0.0'}

  '@reduxjs/toolkit@2.11.2':
    resolution: {integrity: sha512-Kd6kAHTA6/nUpp8mySPqj3en3dm0tdMIgbttnQ1xFMVpufoj+ADi8pXLBsd4xzTRHQa7t/Jv8W5UnCuW4kuWMQ==}
    peerDependencies:
      react: ^16.9.0 || ^17.0.0 || ^18 || ^19
      react-redux: ^7.2.1 || ^8.1.3 || ^9.0.0
    peerDependenciesMeta:
      react:
        optional: true
      react-redux:
        optional: true

  '@standard-schema/spec@1.1.0':
    resolution: {integrity: sha512-l2aFy5jALhniG5HgqrD6jXLi/rUWrKvqN/qJx6yoJsgKhblVd+iqqU4RCXavm/jPityDo5TCvKMnpjKnOriy0w==}

  '@standard-schema/utils@0.3.0':
    resolution: {integrity: sha512-e7Mew686owMaPJVNNLs55PUvgz371nKgwsc4vxE49zsODpJEnxgxRo2y/OKrqueavXgZNMDVj3DdHFlaSAeU8g==}

  '@swc/helpers@0.5.15':
    resolution: {integrity: sha512-JQ5TuMi45Owi4/BIMAJBoSQoOJu12oOk/gADqlcUL9JEdHB8vyjUSsxqeNXnmXHjYKMi2WcYtezGEEhqUI/E2g==}

  '@types/node@22.15.3':
    resolution: {integrity: sha512-lX7HFZeHf4QG/J7tBZqrCAXwz9J5RD56Y6MpP0eJkka8p+K0RY/yBTW7CYFJ4VGCclxqOLKmiGP5juQc6MKgcw==}

  '@types/react-dom@19.2.2':
    resolution: {integrity: sha512-9KQPoO6mZCi7jcIStSnlOWn2nEF3mNmyr3rIAsGnAbQKYbRLyqmeSc39EVgtxXVia+LMT8j3knZLAZAh+xLmrw==}
    peerDependencies:
      '@types/react': ^19.2.0

  '@types/react@19.2.2':
    resolution: {integrity: sha512-6mDvHUFSjyT2B2yeNx2nUgMxh9LtOWvkhIU3uePn2I2oyNymUAX1NIsdgviM4CH+JSrp2D2hsMvJOkxY+0wNRA==}

  '@types/use-sync-external-store@0.0.6':
    resolution: {integrity: sha512-zFDAD+tlpf2r4asuHEj0XH6pY6i0g5NeAHPn+15wk3BV6JA69eERFXC1gyGThDkVa1zCyKr5jox1+2LbV/AMLg==}

  baseline-browser-mapping@2.9.11:
    resolution: {integrity: sha512-Sg0xJUNDU1sJNGdfGWhVHX0kkZ+HWcvmVymJbj6NSgZZmW/8S9Y2HQ5euytnIgakgxN6papOAWiwDo1ctFDcoQ==}
    hasBin: true

  caniuse-lite@1.0.30001761:
    resolution: {integrity: sha512-JF9ptu1vP2coz98+5051jZ4PwQgd2ni8A+gYSN7EA7dPKIMf0pDlSUxhdmVOaV3/fYK5uWBkgSXJaRLr4+3A6g==}

  chokidar@4.0.3:
    resolution: {integrity: sha512-Qgzu8kfBvo+cA4962jnP1KkS6Dop5NS6g7R5LFYJr4b8Ub94PPQXUksCw9PvXoeXPRRddRNC5C1JQUR2SMGtnA==}
    engines: {node: '>= 14.16.0'}

  client-only@0.0.1:
    resolution: {integrity: sha512-IV3Ou0jSMzZrd3pZ48nLkT9DA7Ag1pnPzaiQhpW7c3RbcqqzvzzVu+L8gfqMp/8IM2MQtSiqaCxrrcfu8I8rMA==}

  csstype@3.1.3:
    resolution: {integrity: sha512-M1uQkMl8rQK/szD0LNhtqxIPLpimGm8sOBwU7lLnCpSbTyY3yeU1Vc7l4KT5zT4s/yOxHH5O7tIuuLOCnLADRw==}

  detect-libc@2.1.2:
    resolution: {integrity: sha512-Btj2BOOO83o3WyH59e8MgXsxEQVcarkUOpEYrubB0urwnN10yQ364rsiByU11nZlqWYZm05i/of7io4mzihBtQ==}
    engines: {node: '>=8'}

  immer@11.1.4:
    resolution: {integrity: sha512-XREFCPo6ksxVzP4E0ekD5aMdf8WMwmdNaz6vuvxgI40UaEiu6q3p8X52aU6GdyvLY3XXX/8R7JOTXStz/nBbRw==}

  immutable@5.1.4:
    resolution: {integrity: sha512-p6u1bG3YSnINT5RQmx/yRZBpenIl30kVxkTLDyHLIMk0gict704Q9n+thfDI7lTRm9vXdDYutVzXhzcThxTnXA==}

  is-extglob@2.1.1:
    resolution: {integrity: sha512-SbKbANkN603Vi4jEZv49LeVJMn4yGwsbzZworEoyEiutsN3nJYdbO36zfhGJ6QEDpOZIFkDtnq5JRxmvl3jsoQ==}
    engines: {node: '>=0.10.0'}

  is-glob@4.0.3:
    resolution: {integrity: sha512-xelSayHH36ZgE7ZWhli7pW34hNbNl8Ojv5KVmkJD4hBdD3th8Tfk9vYasLM+mXWOZhFkgZfxhLSnrwRr4elSSg==}
    engines: {node: '>=0.10.0'}

  nanoid@3.3.11:
    resolution: {integrity: sha512-N8SpfPUnUp1bK+PMYW8qSWdl9U+wwNWI4QKxOYDy9JAro3WMX7p2OeVRF9v+347pnakNevPmiHhNmZ2HbFA76w==}
    engines: {node: ^10 || ^12 || ^13.7 || ^14 || >=15.0.1}
    hasBin: true

  next@16.1.5:
    resolution: {integrity: sha512-f+wE+NSbiQgh3DSAlTaw2FwY5yGdVViAtp8TotNQj4kk4Q8Bh1sC/aL9aH+Rg1YAVn18OYXsRDT7U/079jgP7w==}
    engines: {node: '>=20.9.0'}
    hasBin: true
    peerDependencies:
      '@opentelemetry/api': ^1.1.0
      '@playwright/test': ^1.51.1
      babel-plugin-react-compiler: '*'
      react: ^18.2.0 || 19.0.0-rc-de68d2f4-20241204 || ^19.0.0
      react-dom: ^18.2.0 || 19.0.0-rc-de68d2f4-20241204 || ^19.0.0
      sass: ^1.3.0
    peerDependenciesMeta:
      '@opentelemetry/api':
        optional: true
      '@playwright/test':
        optional: true
      babel-plugin-react-compiler:
        optional: true
      sass:
        optional: true

  node-addon-api@7.1.1:
    resolution: {integrity: sha512-5m3bsyrjFWE1xf7nz7YXdN4udnVtXK6/Yfgn5qnahL6bCkf2yKt4k3nuTKAtT4r3IG8JNR2ncsIMdZuAzJjHQQ==}

  picocolors@1.1.1:
    resolution: {integrity: sha512-xceH2snhtb5M9liqDsmEw56le376mTZkEX/jEb/RxNFyegNul7eNslCXP9FDj/Lcu0X8KEyMceP2ntpaHrDEVA==}

  picomatch@4.0.3:
    resolution: {integrity: sha512-5gTmgEY/sqK6gFXLIsQNH19lWb4ebPDLA4SdLP7dsWkIXHWlG66oPuVvXSGFPppYZz8ZDZq0dYYrbHfBCVUb1Q==}
    engines: {node: '>=12'}

  pnpm@10.29.2:
    resolution: {integrity: sha512-vvQ/p1nZH9LaSzGaWg0T73pFu5haPXNCBYRw+dIFGjuoZ05ilnJlRobvlEOtE6gtor657rPgIhyHuBVP/510uA==}
    engines: {node: '>=18.12'}
    hasBin: true

  postcss@8.4.31:
    resolution: {integrity: sha512-PS08Iboia9mts/2ygV3eLpY5ghnUcfLV/EXTOW1E2qYxJKGGBUtNjN76FYHnMs36RmARn41bC0AZmn+rR0OVpQ==}
    engines: {node: ^10 || ^12 || >=14}

  react-dom@19.2.0:
    resolution: {integrity: sha512-UlbRu4cAiGaIewkPyiRGJk0imDN2T3JjieT6spoL2UeSf5od4n5LB/mQ4ejmxhCFT1tYe8IvaFulzynWovsEFQ==}
    peerDependencies:
      react: ^19.2.0

  react-redux@9.2.0:
    resolution: {integrity: sha512-ROY9fvHhwOD9ySfrF0wmvu//bKCQ6AeZZq1nJNtbDC+kk5DuSuNX/n6YWYF/SYy7bSba4D4FSz8DJeKY/S/r+g==}
    peerDependencies:
      '@types/react': ^18.2.25 || ^19
      react: ^18.0 || ^19
      redux: ^5.0.0
    peerDependenciesMeta:
      '@types/react':
        optional: true
      redux:
        optional: true

  react@19.2.0:
    resolution: {integrity: sha512-tmbWg6W31tQLeB5cdIBOicJDJRR2KzXsV7uSK9iNfLWQ5bIZfxuPEHp7M8wiHyHnn0DD1i7w3Zmin0FtkrwoCQ==}
    engines: {node: '>=0.10.0'}

  readdirp@4.1.2:
    resolution: {integrity: sha512-GDhwkLfywWL2s6vEjyhri+eXmfH6j1L7JE27WhqLeYzoh/A3DBaYGEj2H/HFZCn/kMfim73FXxEJTw06WtxQwg==}
    engines: {node: '>= 14.18.0'}

  redux-thunk@3.1.0:
    resolution: {integrity: sha512-NW2r5T6ksUKXCabzhL9z+h206HQw/NJkcLm1GPImRQ8IzfXwRGqjVhKJGauHirT0DAuyy6hjdnMZaRoAcy0Klw==}
    peerDependencies:
      redux: ^5.0.0

  redux@5.0.1:
    resolution: {integrity: sha512-M9/ELqF6fy8FwmkpnF0S3YKOqMyoWJ4+CS5Efg2ct3oY9daQvd/Pc71FpGZsVsbl3Cpb+IIcjBDUnnyBdQbq4w==}

  reselect@5.1.1:
    resolution: {integrity: sha512-K/BG6eIky/SBpzfHZv/dd+9JBFiS4SWV7FIujVyJRux6e45+73RaUHXLmIR1f7WOMaQ0U1km6qwklRQxpJJY0w==}

  sass@1.97.3:
    resolution: {integrity: sha512-fDz1zJpd5GycprAbu4Q2PV/RprsRtKC/0z82z0JLgdytmcq0+ujJbJ/09bPGDxCLkKY3Np5cRAOcWiVkLXJURg==}
    engines: {node: '>=14.0.0'}
    hasBin: true

  scheduler@0.27.0:
    resolution: {integrity: sha512-eNv+WrVbKu1f3vbYJT/xtiF5syA5HPIMtf9IgY/nKg0sWqzAUEvqY/xm7OcZc/qafLx/iO9FgOmeSAp4v5ti/Q==}

  semver@7.7.3:
    resolution: {integrity: sha512-SdsKMrI9TdgjdweUSR9MweHA4EJ8YxHn8DFaDisvhVlUOe4BF1tLD7GAj0lIqWVl+dPb/rExr0Btby5loQm20Q==}
    engines: {node: '>=10'}
    hasBin: true

  sharp@0.34.5:
    resolution: {integrity: sha512-Ou9I5Ft9WNcCbXrU9cMgPBcCK8LiwLqcbywW3t4oDV37n1pzpuNLsYiAV8eODnjbtQlSDwZ2cUEeQz4E54Hltg==}
    engines: {node: ^18.17.0 || ^20.3.0 || >=21.0.0}

  source-map-js@1.2.1:
    resolution: {integrity: sha512-UXWMKhLOwVKb728IUtQPXxfYU+usdybtUrK/8uGE8CQMvrhOpwvzDBwj0QhSL7MQc7vIsISBG8VQ8+IDQxpfQA==}
    engines: {node: '>=0.10.0'}

  styled-jsx@5.1.6:
    resolution: {integrity: sha512-qSVyDTeMotdvQYoHWLNGwRFJHC+i+ZvdBRYosOFgC+Wg1vx4frN2/RG/NA7SYqqvKNLf39P2LSRA2pu6n0XYZA==}
    engines: {node: '>= 12.0.0'}
    peerDependencies:
      '@babel/core': '*'
      babel-plugin-macros: '*'
      react: '>= 16.8.0 || 17.x.x || ^18.0.0-0 || ^19.0.0-0'
    peerDependenciesMeta:
      '@babel/core':
        optional: true
      babel-plugin-macros:
        optional: true

  tslib@2.8.1:
    resolution: {integrity: sha512-oJFu94HQb+KVduSUQL7wnpmqnfmLsOA/nAh6b6EH0wCEoK0/mPeXU6c3wKDV83MkOuHPRHtSXKKU99IBazS/2w==}

  turbo-darwin-64@2.8.3:
    resolution: {integrity: sha512-4kXRLfcygLOeNcP6JquqRLmGB/ATjjfehiojL2dJkL7GFm3SPSXbq7oNj8UbD8XriYQ5hPaSuz59iF1ijPHkTw==}
    cpu: [x64]
    os: [darwin]

  turbo-darwin-arm64@2.8.3:
    resolution: {integrity: sha512-xF7uCeC0UY0Hrv/tqax0BMbFlVP1J/aRyeGQPZT4NjvIPj8gSPDgFhfkfz06DhUwDg5NgMo04uiSkAWE8WB/QQ==}
    cpu: [arm64]
    os: [darwin]

  turbo-linux-64@2.8.3:
    resolution: {integrity: sha512-vxMDXwaOjweW/4etY7BxrXCSkvtwh0PbwVafyfT1Ww659SedUxd5rM3V2ZCmbwG8NiCfY7d6VtxyHx3Wh1GoZA==}
    cpu: [x64]
    os: [linux]

  turbo-linux-arm64@2.8.3:
    resolution: {integrity: sha512-mQX7uYBZFkuPLLlKaNe9IjR1JIef4YvY8f21xFocvttXvdPebnq3PK1Zjzl9A1zun2BEuWNUwQIL8lgvN9Pm3Q==}
    cpu: [arm64]
    os: [linux]

  turbo-windows-64@2.8.3:
    resolution: {integrity: sha512-YLGEfppGxZj3VWcNOVa08h6ISsVKiG85aCAWosOKNUjb6yErWEuydv6/qImRJUI+tDLvDvW7BxopAkujRnWCrw==}
    cpu: [x64]
    os: [win32]

  turbo-windows-arm64@2.8.3:
    resolution: {integrity: sha512-afTUGKBRmOJU1smQSBnFGcbq0iabAPwh1uXu2BVk7BREg30/1gMnJh9DFEQTah+UD3n3ru8V55J83RQNFfqoyw==}
    cpu: [arm64]
    os: [win32]

  turbo@2.8.3:
    resolution: {integrity: sha512-8Osxz5Tu/Dw2kb31EAY+nhq/YZ3wzmQSmYa1nIArqxgCAldxv9TPlrAiaBUDVnKA4aiPn0OFBD1ACcpc5VFOAQ==}
    hasBin: true

  typescript@5.9.2:
    resolution: {integrity: sha512-CWBzXQrc/qOkhidw1OzBTQuYRbfyxDXJMVJ1XNwUHGROVmuaeiEm3OslpZ1RV96d7SKKjZKrSJu3+t/xlw3R9A==}
    engines: {node: '>=14.17'}
    hasBin: true

  undici-types@6.21.0:
    resolution: {integrity: sha512-iwDZqg0QAGrg9Rav5H4n0M64c3mkR59cJ6wQp+7C4nI0gsmExaedaYLNO44eT4AtBBwjbTiGPMlt2Md0T9H9JQ==}

  use-sync-external-store@1.6.0:
    resolution: {integrity: sha512-Pp6GSwGP/NrPIrxVFAIkOQeyw8lFenOHijQWkUTrDvrF4ALqylP2C/KCkeS9dpUM3KvYRQhna5vt7IL95+ZQ9w==}
    peerDependencies:
      react: ^16.8.0 || ^17.0.0 || ^18.0.0 || ^19.0.0

snapshots:

  '@biomejs/biome@2.3.14':
    optionalDependencies:
      '@biomejs/cli-darwin-arm64': 2.3.14
      '@biomejs/cli-darwin-x64': 2.3.14
      '@biomejs/cli-linux-arm64': 2.3.14
      '@biomejs/cli-linux-arm64-musl': 2.3.14
      '@biomejs/cli-linux-x64': 2.3.14
      '@biomejs/cli-linux-x64-musl': 2.3.14
      '@biomejs/cli-win32-arm64': 2.3.14
      '@biomejs/cli-win32-x64': 2.3.14

  '@biomejs/cli-darwin-arm64@2.3.14':
    optional: true

  '@biomejs/cli-darwin-x64@2.3.14':
    optional: true

  '@biomejs/cli-linux-arm64-musl@2.3.14':
    optional: true

  '@biomejs/cli-linux-arm64@2.3.14':
    optional: true

  '@biomejs/cli-linux-x64-musl@2.3.14':
    optional: true

  '@biomejs/cli-linux-x64@2.3.14':
    optional: true

  '@biomejs/cli-win32-arm64@2.3.14':
    optional: true

  '@biomejs/cli-win32-x64@2.3.14':
    optional: true

  '@emnapi/runtime@1.7.1':
    dependencies:
      tslib: 2.8.1
    optional: true

  '@img/colour@1.0.0':
    optional: true

  '@img/sharp-darwin-arm64@0.34.5':
    optionalDependencies:
      '@img/sharp-libvips-darwin-arm64': 1.2.4
    optional: true

  '@img/sharp-darwin-x64@0.34.5':
    optionalDependencies:
      '@img/sharp-libvips-darwin-x64': 1.2.4
    optional: true

  '@img/sharp-libvips-darwin-arm64@1.2.4':
    optional: true

  '@img/sharp-libvips-darwin-x64@1.2.4':
    optional: true

  '@img/sharp-libvips-linux-arm64@1.2.4':
    optional: true

  '@img/sharp-libvips-linux-arm@1.2.4':
    optional: true

  '@img/sharp-libvips-linux-ppc64@1.2.4':
    optional: true

  '@img/sharp-libvips-linux-riscv64@1.2.4':
    optional: true

  '@img/sharp-libvips-linux-s390x@1.2.4':
    optional: true

  '@img/sharp-libvips-linux-x64@1.2.4':
    optional: true

  '@img/sharp-libvips-linuxmusl-arm64@1.2.4':
    optional: true

  '@img/sharp-libvips-linuxmusl-x64@1.2.4':
    optional: true

  '@img/sharp-linux-arm64@0.34.5':
    optionalDependencies:
      '@img/sharp-libvips-linux-arm64': 1.2.4
    optional: true

  '@img/sharp-linux-arm@0.34.5':
    optionalDependencies:
      '@img/sharp-libvips-linux-arm': 1.2.4
    optional: true

  '@img/sharp-linux-ppc64@0.34.5':
    optionalDependencies:
      '@img/sharp-libvips-linux-ppc64': 1.2.4
    optional: true

  '@img/sharp-linux-riscv64@0.34.5':
    optionalDependencies:
      '@img/sharp-libvips-linux-riscv64': 1.2.4
    optional: true

  '@img/sharp-linux-s390x@0.34.5':
    optionalDependencies:
      '@img/sharp-libvips-linux-s390x': 1.2.4
    optional: true

  '@img/sharp-linux-x64@0.34.5':
    optionalDependencies:
      '@img/sharp-libvips-linux-x64': 1.2.4
    optional: true

  '@img/sharp-linuxmusl-arm64@0.34.5':
    optionalDependencies:
      '@img/sharp-libvips-linuxmusl-arm64': 1.2.4
    optional: true

  '@img/sharp-linuxmusl-x64@0.34.5':
    optionalDependencies:
      '@img/sharp-libvips-linuxmusl-x64': 1.2.4
    optional: true

  '@img/sharp-wasm32@0.34.5':
    dependencies:
      '@emnapi/runtime': 1.7.1
    optional: true

  '@img/sharp-win32-arm64@0.34.5':
    optional: true

  '@img/sharp-win32-ia32@0.34.5':
    optional: true

  '@img/sharp-win32-x64@0.34.5':
    optional: true

  '@next/env@16.1.5': {}

  '@next/swc-darwin-arm64@16.1.5':
    optional: true

  '@next/swc-darwin-x64@16.1.5':
    optional: true

  '@next/swc-linux-arm64-gnu@16.1.5':
    optional: true

  '@next/swc-linux-arm64-musl@16.1.5':
    optional: true

  '@next/swc-linux-x64-gnu@16.1.5':
    optional: true

  '@next/swc-linux-x64-musl@16.1.5':
    optional: true

  '@next/swc-win32-arm64-msvc@16.1.5':
    optional: true

  '@next/swc-win32-x64-msvc@16.1.5':
    optional: true

  '@parcel/watcher-android-arm64@2.5.6':
    optional: true

  '@parcel/watcher-darwin-arm64@2.5.6':
    optional: true

  '@parcel/watcher-darwin-x64@2.5.6':
    optional: true

  '@parcel/watcher-freebsd-x64@2.5.6':
    optional: true

  '@parcel/watcher-linux-arm-glibc@2.5.6':
    optional: true

  '@parcel/watcher-linux-arm-musl@2.5.6':
    optional: true

  '@parcel/watcher-linux-arm64-glibc@2.5.6':
    optional: true

  '@parcel/watcher-linux-arm64-musl@2.5.6':
    optional: true

  '@parcel/watcher-linux-x64-glibc@2.5.6':
    optional: true

  '@parcel/watcher-linux-x64-musl@2.5.6':
    optional: true

  '@parcel/watcher-win32-arm64@2.5.6':
    optional: true

  '@parcel/watcher-win32-ia32@2.5.6':
    optional: true

  '@parcel/watcher-win32-x64@2.5.6':
    optional: true

  '@parcel/watcher@2.5.6':
    dependencies:
      detect-libc: 2.1.2
      is-glob: 4.0.3
      node-addon-api: 7.1.1
      picomatch: 4.0.3
    optionalDependencies:
      '@parcel/watcher-android-arm64': 2.5.6
      '@parcel/watcher-darwin-arm64': 2.5.6
      '@parcel/watcher-darwin-x64': 2.5.6
      '@parcel/watcher-freebsd-x64': 2.5.6
      '@parcel/watcher-linux-arm-glibc': 2.5.6
      '@parcel/watcher-linux-arm-musl': 2.5.6
      '@parcel/watcher-linux-arm64-glibc': 2.5.6
      '@parcel/watcher-linux-arm64-musl': 2.5.6
      '@parcel/watcher-linux-x64-glibc': 2.5.6
      '@parcel/watcher-linux-x64-musl': 2.5.6
      '@parcel/watcher-win32-arm64': 2.5.6
      '@parcel/watcher-win32-ia32': 2.5.6
      '@parcel/watcher-win32-x64': 2.5.6
    optional: true

  '@reduxjs/toolkit@2.11.2(react-redux@9.2.0(@types/react@19.2.2)(react@19.2.0)(redux@5.0.1))(react@19.2.0)':
    dependencies:
      '@standard-schema/spec': 1.1.0
      '@standard-schema/utils': 0.3.0
      immer: 11.1.4
      redux: 5.0.1
      redux-thunk: 3.1.0(redux@5.0.1)
      reselect: 5.1.1
    optionalDependencies:
      react: 19.2.0
      react-redux: 9.2.0(@types/react@19.2.2)(react@19.2.0)(redux@5.0.1)

  '@standard-schema/spec@1.1.0': {}

  '@standard-schema/utils@0.3.0': {}

  '@swc/helpers@0.5.15':
    dependencies:
      tslib: 2.8.1

  '@types/node@22.15.3':
    dependencies:
      undici-types: 6.21.0

  '@types/react-dom@19.2.2(@types/react@19.2.2)':
    dependencies:
      '@types/react': 19.2.2

  '@types/react@19.2.2':
    dependencies:
      csstype: 3.1.3

  '@types/use-sync-external-store@0.0.6': {}

  baseline-browser-mapping@2.9.11: {}

  caniuse-lite@1.0.30001761: {}

  chokidar@4.0.3:
    dependencies:
      readdirp: 4.1.2

  client-only@0.0.1: {}

  csstype@3.1.3: {}

  detect-libc@2.1.2:
    optional: true

  immer@11.1.4: {}

  immutable@5.1.4: {}

  is-extglob@2.1.1:
    optional: true

  is-glob@4.0.3:
    dependencies:
      is-extglob: 2.1.1
    optional: true

  nanoid@3.3.11: {}

  next@16.1.5(react-dom@19.2.0(react@19.2.0))(react@19.2.0)(sass@1.97.3):
    dependencies:
      '@next/env': 16.1.5
      '@swc/helpers': 0.5.15
      baseline-browser-mapping: 2.9.11
      caniuse-lite: 1.0.30001761
      postcss: 8.4.31
      react: 19.2.0
      react-dom: 19.2.0(react@19.2.0)
      styled-jsx: 5.1.6(react@19.2.0)
    optionalDependencies:
      '@next/swc-darwin-arm64': 16.1.5
      '@next/swc-darwin-x64': 16.1.5
      '@next/swc-linux-arm64-gnu': 16.1.5
      '@next/swc-linux-arm64-musl': 16.1.5
      '@next/swc-linux-x64-gnu': 16.1.5
      '@next/swc-linux-x64-musl': 16.1.5
      '@next/swc-win32-arm64-msvc': 16.1.5
      '@next/swc-win32-x64-msvc': 16.1.5
      sass: 1.97.3
      sharp: 0.34.5
    transitivePeerDependencies:
      - '@babel/core'
      - babel-plugin-macros

  node-addon-api@7.1.1:
    optional: true

  picocolors@1.1.1: {}

  picomatch@4.0.3:
    optional: true

  pnpm@10.29.2: {}

  postcss@8.4.31:
    dependencies:
      nanoid: 3.3.11
      picocolors: 1.1.1
      source-map-js: 1.2.1

  react-dom@19.2.0(react@19.2.0):
    dependencies:
      react: 19.2.0
      scheduler: 0.27.0

  react-redux@9.2.0(@types/react@19.2.2)(react@19.2.0)(redux@5.0.1):
    dependencies:
      '@types/use-sync-external-store': 0.0.6
      react: 19.2.0
      use-sync-external-store: 1.6.0(react@19.2.0)
    optionalDependencies:
      '@types/react': 19.2.2
      redux: 5.0.1

  react@19.2.0: {}

  readdirp@4.1.2: {}

  redux-thunk@3.1.0(redux@5.0.1):
    dependencies:
      redux: 5.0.1

  redux@5.0.1: {}

  reselect@5.1.1: {}

  sass@1.97.3:
    dependencies:
      chokidar: 4.0.3
      immutable: 5.1.4
      source-map-js: 1.2.1
    optionalDependencies:
      '@parcel/watcher': 2.5.6

  scheduler@0.27.0: {}

  semver@7.7.3:
    optional: true

  sharp@0.34.5:
    dependencies:
      '@img/colour': 1.0.0
      detect-libc: 2.1.2
      semver: 7.7.3
    optionalDependencies:
      '@img/sharp-darwin-arm64': 0.34.5
      '@img/sharp-darwin-x64': 0.34.5
      '@img/sharp-libvips-darwin-arm64': 1.2.4
      '@img/sharp-libvips-darwin-x64': 1.2.4
      '@img/sharp-libvips-linux-arm': 1.2.4
      '@img/sharp-libvips-linux-arm64': 1.2.4
      '@img/sharp-libvips-linux-ppc64': 1.2.4
      '@img/sharp-libvips-linux-riscv64': 1.2.4
      '@img/sharp-libvips-linux-s390x': 1.2.4
      '@img/sharp-libvips-linux-x64': 1.2.4
      '@img/sharp-libvips-linuxmusl-arm64': 1.2.4
      '@img/sharp-libvips-linuxmusl-x64': 1.2.4
      '@img/sharp-linux-arm': 0.34.5
      '@img/sharp-linux-arm64': 0.34.5
      '@img/sharp-linux-ppc64': 0.34.5
      '@img/sharp-linux-riscv64': 0.34.5
      '@img/sharp-linux-s390x': 0.34.5
      '@img/sharp-linux-x64': 0.34.5
      '@img/sharp-linuxmusl-arm64': 0.34.5
      '@img/sharp-linuxmusl-x64': 0.34.5
      '@img/sharp-wasm32': 0.34.5
      '@img/sharp-win32-arm64': 0.34.5
      '@img/sharp-win32-ia32': 0.34.5
      '@img/sharp-win32-x64': 0.34.5
    optional: true

  source-map-js@1.2.1: {}

  styled-jsx@5.1.6(react@19.2.0):
    dependencies:
      client-only: 0.0.1
      react: 19.2.0

  tslib@2.8.1: {}

  turbo-darwin-64@2.8.3:
    optional: true

  turbo-darwin-arm64@2.8.3:
    optional: true

  turbo-linux-64@2.8.3:
    optional: true

  turbo-linux-arm64@2.8.3:
    optional: true

  turbo-windows-64@2.8.3:
    optional: true

  turbo-windows-arm64@2.8.3:
    optional: true

  turbo@2.8.3:
    optionalDependencies:
      turbo-darwin-64: 2.8.3
      turbo-darwin-arm64: 2.8.3
      turbo-linux-64: 2.8.3
      turbo-linux-arm64: 2.8.3
      turbo-windows-64: 2.8.3
      turbo-windows-arm64: 2.8.3

  typescript@5.9.2: {}

  undici-types@6.21.0: {}

  use-sync-external-store@1.6.0(react@19.2.0):
    dependencies:
      react: 19.2.0
